
Microsoft Visual Studio Solution File, Format Version 12.00
# Visual Studio Version 17
VisualStudioVersion = 17.14.36414.22 d17.14
MinimumVisualStudioVersion = 10.0.40219.1
Project("{FAE04EC0-301F-11D3-BF4B-00C04F79EFBC}") = "eCommerce.SharedLibrary", "eCommerce.SharedLibrary\eCommerce.SharedLibrary.csproj", "{B556AB59-AE2F-411F-92B4-4917C05B142C}"
EndProject
Global
	GlobalSection(SolutionConfigurationPlatforms) = preSolution
		Debug|Any CPU = Debug|Any CPU
		Release|Any CPU = Release|Any CPU
	EndGlobalSection
	GlobalSection(ProjectConfigurationPlatforms) = postSolution
		{B556AB59-AE2F-411F-92B4-4917C05B142C}.Debug|Any CPU.ActiveCfg = Debug|Any CPU
		{B556AB59-AE2F-411F-92B4-4917C05B142C}.Debug|Any CPU.Build.0 = Debug|Any CPU
		{B556AB59-AE2F-411F-92B4-4917C05B142C}.Release|Any CPU.ActiveCfg = Release|Any CPU
		{B556AB59-AE2F-411F-92B4-4917C05B142C}.Release|Any CPU.Build.0 = Release|Any CPU
	EndGlobalSection
	GlobalSection(SolutionProperties) = preSolution
		HideSolutionNode = FALSE
	EndGlobalSection
	GlobalSection(ExtensibilityGlobals) = postSolution
		SolutionGuid = {7CC232E4-332F-4344-B626-DA0503F09937}
	EndGlobalSection
EndGlobal
